// !$*UTF8*$!
{
	archiveVersion = 1;
	classes = {
	};
	objectVersion = 46;
	objects = {

/* Begin PBXBuildFile section */
		2EF83E0B15A0B5F30027F804 /* Foundation.framework in Frameworks */ = {isa = PBXBuildFile; fileRef = 2EF83E0A15A0B5F30027F804 /* Foundation.framework */; };
		2EF83E0E15A0B5F30027F804 /* main.m in Sources */ = {isa = PBXBuildFile; fileRef = 2EF83E0D15A0B5F30027F804 /* main.m */; };
		2EF83E1215A0B5F30027F804 /* itunes_track.1 in CopyFiles */ = {isa = PBXBuildFile; fileRef = 2EF83E1115A0B5F30027F804 /* itunes_track.1 */; };
		2EF83E1915A0B62F0027F804 /* ScriptingBridge.framework in Frameworks */ = {isa = PBXBuildFile; fileRef = 2EF83E1815A0B62F0027F804 /* ScriptingBridge.framework */; };
/* End PBXBuildFile section */

/* Begin PBXCopyFilesBuildPhase section */
		2EF83E0415A0B5F30027F804 /* CopyFiles */ = {
			isa = PBXCopyFilesBuildPhase;
			buildActionMask = 2147483647;
			dstPath = /usr/share/man/man1/;
			dstSubfolderSpec = 0;
			files = (
				2EF83E1215A0B5F30027F804 /* itunes_track.1 in CopyFiles */,
			);
			runOnlyForDeploymentPostprocessing = 1;
		};
/* End PBXCopyFilesBuildPhase section */

/* Begin PBXFileReference section */
		2EF83E0615A0B5F30027F804 /* itunes-track */ = {isa = PBXFileReference; explicitFileType = "compiled.mach-o.executable"; includeInIndex = 0; path = "itunes-track"; sourceTree = BUILT_PRODUCTS_DIR; };
		2EF83E0A15A0B5F30027F804 /* Foundation.framework */ = {isa = PBXFileReference; lastKnownFileType = wrapper.framework; name = Foundation.framework; path = System/Library/Frameworks/Foundation.framework; sourceTree = SDKROOT; };
		2EF83E0D15A0B5F30027F804 /* main.m */ = {isa = PBXFileReference; lastKnownFileType = sourcecode.c.objc; path = main.m; sourceTree = "<group>"; };
		2EF83E1015A0B5F30027F804 /* itunes-track-Prefix.pch */ = {isa = PBXFileReference; lastKnownFileType = sourcecode.c.h; path = "itunes-track-Prefix.pch"; sourceTree = "<group>"; };
		2EF83E1115A0B5F30027F804 /* itunes_track.1 */ = {isa = PBXFileReference; lastKnownFileType = text.man; path = itunes_track.1; sourceTree = "<group>"; };
		2EF83E1815A0B62F0027F804 /* ScriptingBridge.framework */ = {isa = PBXFileReference; lastKnownFileType = wrapper.framework; name = ScriptingBridge.framework; path = System/Library/Frameworks/ScriptingBridge.framework; sourceTree = SDKROOT; };
		2EF83E1A15A0B7020027F804 /* iTunes.h */ = {isa = PBXFileReference; lastKnownFileType = sourcecode.c.h; path = iTunes.h; sourceTree = "<group>"; };
/* End PBXFileReference section */

/* Begin PBXFrameworksBuildPhase section */
		2EF83E0315A0B5F30027F804 /* Frameworks */ = {
			isa = PBXFrameworksBuildPhase;
			buildActionMask = 2147483647;
			files = (
				2EF83E1915A0B62F0027F804 /* ScriptingBridge.framework in Frameworks */,
				2EF83E0B15A0B5F30027F804 /* Foundation.framework in Frameworks */,
			);
			runOnlyForDeploymentPostprocessing = 0;
		};
/* End PBXFrameworksBuildPhase section */

/* Begin PBXGroup section */
		2EF83DFB15A0B5F30027F804 = {
			isa = PBXGroup;
			children = (
				2EF83E0C15A0B5F30027F804 /* itunes-track */,
				2EF83E0915A0B5F30027F804 /* Frameworks */,
				2EF83E0715A0B5F30027F804 /* Products */,
			);
			sourceTree = "<group>";
		};
		2EF83E0715A0B5F30027F804 /* Products */ = {
			isa = PBXGroup;
			children = (
				2EF83E0615A0B5F30027F804 /* itunes-track */,
			);
			name = Products;
			sourceTree = "<group>";
		};
		2EF83E0915A0B5F30027F804 /* Frameworks */ = {
			isa = PBXGroup;
			children = (
				2EF83E1815A0B62F0027F804 /* ScriptingBridge.framework */,
				2EF83E0A15A0B5F30027F804 /* Foundation.framework */,
			);
			name = Frameworks;
			sourceTree = "<group>";
		};
		2EF83E0C15A0B5F30027F804 /* itunes-track */ = {
			isa = PBXGroup;
			children = (
				2EF83E1A15A0B7020027F804 /* iTunes.h */,
				2EF83E0D15A0B5F30027F804 /* main.m */,
				2EF83E1115A0B5F30027F804 /* itunes_track.1 */,
				2EF83E0F15A0B5F30027F804 /* Supporting Files */,
			);
			path = "itunes-track";
			sourceTree = "<group>";
		};
		2EF83E0F15A0B5F30027F804 /* Supporting Files */ = {
			isa = PBXGroup;
			children = (
				2EF83E1015A0B5F30027F804 /* itunes-track-Prefix.pch */,
			);
			name = "Supporting Files";
			sourceTree = "<group>";
		};
/* End PBXGroup section */

/* Begin PBXNativeTarget section */
		2EF83E0515A0B5F30027F804 /* itunes-track */ = {
			isa = PBXNativeTarget;
			buildConfigurationList = 2EF83E1515A0B5F30027F804 /* Build configuration list for PBXNativeTarget "itunes-track" */;
			buildPhases = (
				2EF83E0215A0B5F30027F804 /* Sources */,
				2EF83E0315A0B5F30027F804 /* Frameworks */,
				2EF83E0415A0B5F30027F804 /* CopyFiles */,
			);
			buildRules = (
			);
			dependencies = (
			);
			name = "itunes-track";
			productName = "itunes-track";
			productReference = 2EF83E0615A0B5F30027F804 /* itunes-track */;
			productType = "com.apple.product-type.tool";
		};
/* End PBXNativeTarget section */

/* Begin PBXProject section */
		2EF83DFD15A0B5F30027F804 /* Project object */ = {
			isa = PBXProject;
			attributes = {
				LastUpgradeCheck = 0430;
			};
			buildConfigurationList = 2EF83E0015A0B5F30027F804 /* Build configuration list for PBXProject "itunes-track" */;
			compatibilityVersion = "Xcode 3.2";
			developmentRegion = English;
			hasScannedForEncodings = 0;
			knownRegions = (
				en,
			);
			mainGroup = 2EF83DFB15A0B5F30027F804;
			productRefGroup = 2EF83E0715A0B5F30027F804 /* Products */;
			projectDirPath = "";
			projectRoot = "";
			targets = (
				2EF83E0515A0B5F30027F804 /* itunes-track */,
			);
		};
/* End PBXProject section */

/* Begin PBXSourcesBuildPhase section */
		2EF83E0215A0B5F30027F804 /* Sources */ = {
			isa = PBXSourcesBuildPhase;
			buildActionMask = 2147483647;
			files = (
				2EF83E0E15A0B5F30027F804 /* main.m in Sources */,
			);
			runOnlyForDeploymentPostprocessing = 0;
		};
/* End PBXSourcesBuildPhase section */

/* Begin XCBuildConfiguration section */
		2EF83E1315A0B5F30027F804 /* Debug */ = {
			isa = XCBuildConfiguration;
			buildSettings = {
				ALWAYS_SEARCH_USER_PATHS = NO;
				ARCHS = "$(ARCHS_STANDARD_64_BIT)";
				CLANG_ENABLE_OBJC_ARC = YES;
				COPY_PHASE_STRIP = NO;
				GCC_C_LANGUAGE_STANDARD = gnu99;
				GCC_DYNAMIC_NO_PIC = NO;
				GCC_ENABLE_OBJC_EXCEPTIONS = YES;
				GCC_OPTIMIZATION_LEVEL = 0;
				GCC_PREPROCESSOR_DEFINITIONS = (
					"DEBUG=1",
					"$(inherited)",
				);
				GCC_SYMBOLS_PRIVATE_EXTERN = NO;
				GCC_VERSION = com.apple.compilers.llvm.clang.1_0;
				GCC_WARN_64_TO_32_BIT_CONVERSION = YES;
				GCC_WARN_ABOUT_RETURN_TYPE = YES;
				GCC_WARN_UNINITIALIZED_AUTOS = YES;
				GCC_WARN_UNUSED_VARIABLE = YES;
				MACOSX_DEPLOYMENT_TARGET = 10.7;
				ONLY_ACTIVE_ARCH = YES;
				SDKROOT = macosx;
			};
			name = Debug;
		};
		2EF83E1415A0B5F30027F804 /* Release */ = {
			isa = XCBuildConfiguration;
			buildSettings = {
				ALWAYS_SEARCH_USER_PATHS = NO;
				ARCHS = "$(ARCHS_STANDARD_64_BIT)";
				CLANG_ENABLE_OBJC_ARC = YES;
				COPY_PHASE_STRIP = YES;
				DEBUG_INFORMATION_FORMAT = "dwarf-with-dsym";
				GCC_C_LANGUAGE_STANDARD = gnu99;
				GCC_ENABLE_OBJC_EXCEPTIONS = YES;
				GCC_VERSION = com.apple.compilers.llvm.clang.1_0;
				GCC_WARN_64_TO_32_BIT_CONVERSION = YES;
				GCC_WARN_ABOUT_RETURN_TYPE = YES;
				GCC_WARN_UNINITIALIZED_AUTOS = YES;
				GCC_WARN_UNUSED_VARIABLE = YES;
				MACOSX_DEPLOYMENT_TARGET = 10.7;
				SDKROOT = macosx;
			};
			name = Release;
		};
		2EF83E1615A0B5F30027F804 /* Debug */ = {
			isa = XCBuildConfiguration;
			buildSettings = {
				GCC_PRECOMPILE_PREFIX_HEADER = YES;
				GCC_PREFIX_HEADER = "itunes-track/itunes-track-Prefix.pch";
				PRODUCT_NAME = "$(TARGET_NAME)";
			};
			name = Debug;
		};
		2EF83E1715A0B5F30027F804 /* Release */ = {
			isa = XCBuildConfiguration;
			buildSettings = {
				GCC_PRECOMPILE_PREFIX_HEADER = YES;
				GCC_PREFIX_HEADER = "itunes-track/itunes-track-Prefix.pch";
				PRODUCT_NAME = "$(TARGET_NAME)";
			};
			name = Release;
		};
/* End XCBuildConfiguration section */

/* Begin XCConfigurationList section */
		2EF83E0015A0B5F30027F804 /* Build configuration list for PBXProject "itunes-track" */ = {
			isa = XCConfigurationList;
			buildConfigurations = (
				2EF83E1315A0B5F30027F804 /* Debug */,
				2EF83E1415A0B5F30027F804 /* Release */,
			);
			defaultConfigurationIsVisible = 0;
			defaultConfigurationName = Release;
		};
		2EF83E1515A0B5F30027F804 /* Build configuration list for PBXNativeTarget "itunes-track" */ = {
			isa = XCConfigurationList;
			buildConfigurations = (
				2EF83E1615A0B5F30027F804 /* Debug */,
				2EF83E1715A0B5F30027F804 /* Release */,
			);
			defaultConfigurationIsVisible = 0;
		};
/* End XCConfigurationList section */
	};
	rootObject = 2EF83DFD15A0B5F30027F804 /* Project object */;
}
